# THIS IS AN AUTOGENERATED FILE. DO NOT EDIT THIS FILE DIRECTLY.
# yarn lockfile v1


"@types/accepts@*":
  version "1.3.5"
  resolved "http://registry.npm.alibaba-inc.com/@types/accepts/download/@types/accepts-1.3.5.tgz#c34bec115cfc746e04fe5a059df4ce7e7b391575"
  dependencies:
    "@types/node" "*"

"@types/body-parser@*":
  version "1.17.0"
  resolved "http://registry.npm.alibaba-inc.com/@types/body-parser/download/@types/body-parser-1.17.0.tgz#9f5c9d9bd04bb54be32d5eb9fc0d8c974e6cf58c"
  dependencies:
    "@types/connect" "*"
    "@types/node" "*"

"@types/connect@*":
  version "3.4.32"
  resolved "http://registry.npm.alibaba-inc.com/@types/connect/download/@types/connect-3.4.32.tgz#aa0e9616b9435ccad02bc52b5b454ffc2c70ba28"
  dependencies:
    "@types/node" "*"

"@types/cookies@*":
  version "0.7.1"
  resolved "http://registry.npm.alibaba-inc.com/@types/cookies/download/@types/cookies-0.7.1.tgz#f9f204bd6767d389eea3b87609e30c090c77a540"
  dependencies:
    "@types/connect" "*"
    "@types/express" "*"
    "@types/keygrip" "*"
    "@types/node" "*"

"@types/events@*":
  version "1.2.0"
  resolved "http://registry.npm.alibaba-inc.com/@types/events/download/@types/events-1.2.0.tgz#81a6731ce4df43619e5c8c945383b3e62a89ea86"

"@types/express-serve-static-core@*":
  version "4.16.0"
  resolved "http://registry.npm.alibaba-inc.com/@types/express-serve-static-core/download/@types/express-serve-static-core-4.16.0.tgz#fdfe777594ddc1fe8eb8eccce52e261b496e43e7"
  dependencies:
    "@types/events" "*"
    "@types/node" "*"
    "@types/range-parser" "*"

"@types/express@*":
  version "4.16.0"
  resolved "http://registry.npm.alibaba-inc.com/@types/express/download/@types/express-4.16.0.tgz#6d8bc42ccaa6f35cf29a2b7c3333cb47b5a32a19"
  dependencies:
    "@types/body-parser" "*"
    "@types/express-serve-static-core" "*"
    "@types/serve-static" "*"

"@types/http-assert@*":
  version "1.3.0"
  resolved "http://registry.npm.alibaba-inc.com/@types/http-assert/download/@types/http-assert-1.3.0.tgz#5e932606153da28e1d04f9043f4912cf61fd55dd"

"@types/keygrip@*":
  version "1.0.1"
  resolved "http://registry.npm.alibaba-inc.com/@types/keygrip/download/@types/keygrip-1.0.1.tgz#ff540462d2fb4d0a88441ceaf27d287b01c3d878"

"@types/koa-compose@*":
  version "3.2.2"
  resolved "http://registry.npm.alibaba-inc.com/@types/koa-compose/download/@types/koa-compose-3.2.2.tgz#dc106e000bbf92a3ac900f756df47344887ee847"

"@types/koa@^2.0.46":
  version "2.0.46"
  resolved "http://registry.npm.alibaba-inc.com/@types/koa/download/@types/koa-2.0.46.tgz#24bc3cd405d10fcde81f876cd8285b44d4ddc3e9"
  dependencies:
    "@types/accepts" "*"
    "@types/cookies" "*"
    "@types/events" "*"
    "@types/http-assert" "*"
    "@types/keygrip" "*"
    "@types/koa-compose" "*"
    "@types/node" "*"

"@types/mime@*":
  version "2.0.0"
  resolved "http://registry.npm.alibaba-inc.com/@types/mime/download/@types/mime-2.0.0.tgz#5a7306e367c539b9f6543499de8dd519fac37a8b"

"@types/node@*":
  version "10.7.1"
  resolved "http://registry.npm.alibaba-inc.com/@types/node/download/@types/node-10.7.1.tgz#b704d7c259aa40ee052eec678758a68d07132a2e"

"@types/range-parser@*":
  version "1.2.2"
  resolved "http://registry.npm.alibaba-inc.com/@types/range-parser/download/@types/range-parser-1.2.2.tgz#fa8e1ad1d474688a757140c91de6dace6f4abc8d"

"@types/serve-static@*":
  version "1.13.2"
  resolved "http://registry.npm.alibaba-inc.com/@types/serve-static/download/@types/serve-static-1.13.2.tgz#f5ac4d7a6420a99a6a45af4719f4dcd8cd907a48"
  dependencies:
    "@types/express-serve-static-core" "*"
    "@types/mime" "*"

accepts@^1.3.5:
  version "1.3.5"
  resolved "http://registry.npm.alibaba-inc.com/accepts/download/accepts-1.3.5.tgz#eb777df6011723a3b14e8a72c0805c8e86746bd2"
  dependencies:
    mime-types "~2.1.18"
    negotiator "0.6.1"

any-promise@^1.1.0:
  version "1.3.0"
  resolved "http://registry.npm.alibaba-inc.com/any-promise/download/any-promise-1.3.0.tgz#abc6afeedcea52e809cdc0376aed3ce39635d17f"

arrify@^1.0.0:
  version "1.0.1"
  resolved "http://registry.npm.alibaba-inc.com/arrify/download/arrify-1.0.1.tgz#898508da2226f380df904728456849c1501a4b0d"

buffer-from@^1.0.0, buffer-from@^1.1.0:
  version "1.1.1"
  resolved "http://registry.npm.alibaba-inc.com/buffer-from/download/buffer-from-1.1.1.tgz#32713bc028f75c02fdb710d7c7bcec1f2c6070ef"

cache-content-type@^1.0.0:
  version "1.0.1"
  resolved "http://registry.npm.alibaba-inc.com/cache-content-type/download/cache-content-type-1.0.1.tgz#035cde2b08ee2129f4a8315ea8f00a00dba1453c"
  dependencies:
    mime-types "^2.1.18"
    ylru "^1.2.0"

co@^4.6.0:
  version "4.6.0"
  resolved "http://registry.npm.alibaba-inc.com/co/download/co-4.6.0.tgz#6ea6bdf3d853ae54ccb8e47bfa0bf3f9031fb184"

content-disposition@~0.5.2:
  version "0.5.2"
  resolved "http://registry.npm.alibaba-inc.com/content-disposition/download/content-disposition-0.5.2.tgz#0cf68bb9ddf5f2be7961c3a85178cb85dba78cb4"

content-type@^1.0.4:
  version "1.0.4"
  resolved "http://registry.npm.alibaba-inc.com/content-type/download/content-type-1.0.4.tgz#e138cc75e040c727b1966fe5e5f8c9aee256fe3b"

cookies@~0.7.1:
  version "0.7.1"
  resolved "http://registry.npm.alibaba-inc.com/cookies/download/cookies-0.7.1.tgz#7c8a615f5481c61ab9f16c833731bcb8f663b99b"
  dependencies:
    depd "~1.1.1"
    keygrip "~1.0.2"

debug@^3.1.0:
  version "3.1.0"
  resolved "http://registry.npm.alibaba-inc.com/debug/download/debug-3.1.0.tgz#5bb5a0672628b64149566ba16819e61518c67261"
  dependencies:
    ms "2.0.0"

deep-equal@~1.0.1:
  version "1.0.1"
  resolved "http://registry.npm.alibaba-inc.com/deep-equal/download/deep-equal-1.0.1.tgz#f5d260292b660e084eff4cdbc9f08ad3247448b5"

delegates@^1.0.0:
  version "1.0.0"
  resolved "http://registry.npm.alibaba-inc.com/delegates/download/delegates-1.0.0.tgz#84c6e159b81904fdca59a0ef44cd870d31250f9a"

depd@^1.1.2, depd@~1.1.1, depd@~1.1.2:
  version "1.1.2"
  resolved "http://registry.npm.alibaba-inc.com/depd/download/depd-1.1.2.tgz#9bcd52e14c097763e749b274c4346ed2e560b5a9"

destroy@^1.0.4:
  version "1.0.4"
  resolved "http://registry.npm.alibaba-inc.com/destroy/download/destroy-1.0.4.tgz#978857442c44749e4206613e37946205826abd80"

diff@^3.1.0:
  version "3.5.0"
  resolved "http://registry.npm.alibaba-inc.com/diff/download/diff-3.5.0.tgz#800c0dd1e0a8bfbc95835c202ad220fe317e5a12"

ee-first@1.1.1:
  version "1.1.1"
  resolved "http://registry.npm.alibaba-inc.com/ee-first/download/ee-first-1.1.1.tgz#590c61156b0ae2f4f0255732a158b266bc56b21d"

error-inject@^1.0.0:
  version "1.0.0"
  resolved "http://registry.npm.alibaba-inc.com/error-inject/download/error-inject-1.0.0.tgz#e2b3d91b54aed672f309d950d154850fa11d4f37"

escape-html@^1.0.3:
  version "1.0.3"
  resolved "http://registry.npm.alibaba-inc.com/escape-html/download/escape-html-1.0.3.tgz#0258eae4d3d0c0974de1c169188ef0051d1d1988"

fresh@~0.5.2:
  version "0.5.2"
  resolved "http://registry.npm.alibaba-inc.com/fresh/download/fresh-0.5.2.tgz#3d8cadd90d976569fa835ab1f8e4b23a105605a7"

http-assert@^1.3.0:
  version "1.3.0"
  resolved "http://registry.npm.alibaba-inc.com/http-assert/download/http-assert-1.3.0.tgz#a31a5cf88c873ecbb5796907d4d6f132e8c01e4a"
  dependencies:
    deep-equal "~1.0.1"
    http-errors "~1.6.1"

http-errors@^1.6.3:
  version "1.7.0"
  resolved "http://registry.npm.alibaba-inc.com/http-errors/download/http-errors-1.7.0.tgz#b6d36492a201c7888bdcb5dd0471140423c4ad2a"
  dependencies:
    depd "~1.1.2"
    inherits "2.0.3"
    setprototypeof "1.1.0"
    statuses ">= 1.5.0 < 2"
    toidentifier "1.0.0"

http-errors@~1.6.1:
  version "1.6.3"
  resolved "http://registry.npm.alibaba-inc.com/http-errors/download/http-errors-1.6.3.tgz#8b55680bb4be283a0b5bf4ea2e38580be1d9320d"
  dependencies:
    depd "~1.1.2"
    inherits "2.0.3"
    setprototypeof "1.1.0"
    statuses ">= 1.4.0 < 2"

inherits@2.0.3:
  version "2.0.3"
  resolved "http://registry.npm.alibaba-inc.com/inherits/download/inherits-2.0.3.tgz#633c2c83e3da42a502f52466022480f4208261de"

is-generator-function@^1.0.7:
  version "1.0.7"
  resolved "http://registry.npm.alibaba-inc.com/is-generator-function/download/is-generator-function-1.0.7.tgz#d2132e529bb0000a7f80794d4bdf5cd5e5813522"

keygrip@~1.0.2:
  version "1.0.2"
  resolved "http://registry.npm.alibaba-inc.com/keygrip/download/keygrip-1.0.2.tgz#ad3297c557069dea8bcfe7a4fa491b75c5ddeb91"

koa-compose@^3.0.0:
  version "3.2.1"
  resolved "http://registry.npm.alibaba-inc.com/koa-compose/download/koa-compose-3.2.1.tgz#a85ccb40b7d986d8e5a345b3a1ace8eabcf54de7"
  dependencies:
    any-promise "^1.1.0"

koa-compose@^4.1.0:
  version "4.1.0"
  resolved "http://registry.npm.alibaba-inc.com/koa-compose/download/koa-compose-4.1.0.tgz#507306b9371901db41121c812e923d0d67d3e877"

koa-convert@^1.2.0:
  version "1.2.0"
  resolved "http://registry.npm.alibaba-inc.com/koa-convert/download/koa-convert-1.2.0.tgz#da40875df49de0539098d1700b50820cebcd21d0"
  dependencies:
    co "^4.6.0"
    koa-compose "^3.0.0"

koa-is-json@^1.0.0:
  version "1.0.0"
  resolved "http://registry.npm.alibaba-inc.com/koa-is-json/download/koa-is-json-1.0.0.tgz#273c07edcdcb8df6a2c1ab7d59ee76491451ec14"

koa@^2.5.2:
  version "2.5.2"
  resolved "http://registry.npm.alibaba-inc.com/koa/download/koa-2.5.2.tgz#f2bda7f3e70be54924e7e5e9789a249f77256fe3"
  dependencies:
    accepts "^1.3.5"
    cache-content-type "^1.0.0"
    content-disposition "~0.5.2"
    content-type "^1.0.4"
    cookies "~0.7.1"
    debug "^3.1.0"
    delegates "^1.0.0"
    depd "^1.1.2"
    destroy "^1.0.4"
    error-inject "^1.0.0"
    escape-html "^1.0.3"
    fresh "~0.5.2"
    http-assert "^1.3.0"
    http-errors "^1.6.3"
    is-generator-function "^1.0.7"
    koa-compose "^4.1.0"
    koa-convert "^1.2.0"
    koa-is-json "^1.0.0"
    on-finished "^2.3.0"
    only "~0.0.2"
    parseurl "^1.3.2"
    statuses "^1.5.0"
    type-is "^1.6.16"
    vary "^1.1.2"

make-error@^1.1.1:
  version "1.3.4"
  resolved "http://registry.npm.alibaba-inc.com/make-error/download/make-error-1.3.4.tgz#19978ed575f9e9545d2ff8c13e33b5d18a67d535"

media-typer@0.3.0:
  version "0.3.0"
  resolved "http://registry.npm.alibaba-inc.com/media-typer/download/media-typer-0.3.0.tgz#8710d7af0aa626f8fffa1ce00168545263255748"

mime-db@~1.35.0:
  version "1.35.0"
  resolved "http://registry.npm.alibaba-inc.com/mime-db/download/mime-db-1.35.0.tgz#0569d657466491283709663ad379a99b90d9ab47"

mime-types@^2.1.18, mime-types@~2.1.18:
  version "2.1.19"
  resolved "http://registry.npm.alibaba-inc.com/mime-types/download/mime-types-2.1.19.tgz#71e464537a7ef81c15f2db9d97e913fc0ff606f0"
  dependencies:
    mime-db "~1.35.0"

minimist@0.0.8:
  version "0.0.8"
  resolved "http://registry.npm.alibaba-inc.com/minimist/download/minimist-0.0.8.tgz#857fcabfc3397d2625b8228262e86aa7a011b05d"

minimist@^1.2.0:
  version "1.2.0"
  resolved "http://registry.npm.alibaba-inc.com/minimist/download/minimist-1.2.0.tgz#a35008b20f41383eec1fb914f4cd5df79a264284"

mkdirp@^0.5.1:
  version "0.5.1"
  resolved "http://registry.npm.alibaba-inc.com/mkdirp/download/mkdirp-0.5.1.tgz#30057438eac6cf7f8c4767f38648d6697d75c903"
  dependencies:
    minimist "0.0.8"

ms@2.0.0:
  version "2.0.0"
  resolved "http://registry.npm.alibaba-inc.com/ms/download/ms-2.0.0.tgz#5608aeadfc00be6c2901df5f9861788de0d597c8"

negotiator@0.6.1:
  version "0.6.1"
  resolved "http://registry.npm.alibaba-inc.com/negotiator/download/negotiator-0.6.1.tgz#2b327184e8992101177b28563fb5e7102acd0ca9"

on-finished@^2.3.0:
  version "2.3.0"
  resolved "http://registry.npm.alibaba-inc.com/on-finished/download/on-finished-2.3.0.tgz#20f1336481b083cd75337992a16971aa2d906947"
  dependencies:
    ee-first "1.1.1"

only@~0.0.2:
  version "0.0.2"
  resolved "http://registry.npm.alibaba-inc.com/only/download/only-0.0.2.tgz#2afde84d03e50b9a8edc444e30610a70295edfb4"

parseurl@^1.3.2:
  version "1.3.2"
  resolved "http://registry.npm.alibaba-inc.com/parseurl/download/parseurl-1.3.2.tgz#fc289d4ed8993119460c156253262cdc8de65bf3"

setprototypeof@1.1.0:
  version "1.1.0"
  resolved "http://registry.npm.alibaba-inc.com/setprototypeof/download/setprototypeof-1.1.0.tgz#d0bd85536887b6fe7c0d818cb962d9d91c54e656"

source-map-support@^0.5.6:
  version "0.5.9"
  resolved "http://registry.npm.alibaba-inc.com/source-map-support/download/source-map-support-0.5.9.tgz#41bc953b2534267ea2d605bccfa7bfa3111ced5f"
  dependencies:
    buffer-from "^1.0.0"
    source-map "^0.6.0"

source-map@^0.6.0:
  version "0.6.1"
  resolved "http://registry.npm.alibaba-inc.com/source-map/download/source-map-0.6.1.tgz#74722af32e9614e9c287a8d0bbde48b5e2f1a263"

"statuses@>= 1.4.0 < 2", "statuses@>= 1.5.0 < 2", statuses@^1.5.0:
  version "1.5.0"
  resolved "http://registry.npm.alibaba-inc.com/statuses/download/statuses-1.5.0.tgz#161c7dac177659fd9811f43771fa99381478628c"

toidentifier@1.0.0:
  version "1.0.0"
  resolved "http://registry.npm.alibaba-inc.com/toidentifier/download/toidentifier-1.0.0.tgz#7e1be3470f1e77948bc43d94a3c8f4d7752ba553"

ts-node@^7.0.1:
  version "7.0.1"
  resolved "http://registry.npm.alibaba-inc.com/ts-node/download/ts-node-7.0.1.tgz#9562dc2d1e6d248d24bc55f773e3f614337d9baf"
  dependencies:
    arrify "^1.0.0"
    buffer-from "^1.1.0"
    diff "^3.1.0"
    make-error "^1.1.1"
    minimist "^1.2.0"
    mkdirp "^0.5.1"
    source-map-support "^0.5.6"
    yn "^2.0.0"

type-is@^1.6.16:
  version "1.6.16"
  resolved "http://registry.npm.alibaba-inc.com/type-is/download/type-is-1.6.16.tgz#f89ce341541c672b25ee7ae3c73dee3b2be50194"
  dependencies:
    media-typer "0.3.0"
    mime-types "~2.1.18"

typescript@^3.0.1:
  version "3.0.1"
  resolved "http://registry.npm.alibaba-inc.com/typescript/download/typescript-3.0.1.tgz#43738f29585d3a87575520a4b93ab6026ef11fdb"

vary@^1.1.2:
  version "1.1.2"
  resolved "http://registry.npm.alibaba-inc.com/vary/download/vary-1.1.2.tgz#2299f02c6ded30d4a5961b0b9f74524a18f634fc"

ylru@^1.2.0:
  version "1.2.1"
  resolved "http://registry.npm.alibaba-inc.com/ylru/download/ylru-1.2.1.tgz#f576b63341547989c1de7ba288760923b27fe84f"

yn@^2.0.0:
  version "2.0.0"
  resolved "http://registry.npm.alibaba-inc.com/yn/download/yn-2.0.0.tgz#e5adabc8acf408f6385fc76495684c88e6af689a"
